
Microsoft Visual Studio Solution File, Format Version 12.00
# Visual Studio Version 16
VisualStudioVersion = 16.0.28922.388
MinimumVisualStudioVersion = 10.0.40219.1
Project("{FAE04EC0-301F-11D3-BF4B-00C04F79EFBC}") = "Prueba2020.Core", "Prueba2020.Core.csproj", "{876ACAD5-7EC6-4E68-A891-F7ED9A336437}"
EndProject
Project("{FAE04EC0-301F-11D3-BF4B-00C04F79EFBC}") = "Prueba2020.Service", "..\Prueba2020.Service\Prueba2020.Service.csproj", "{D7D0277E-E644-42C7-B916-F5A255CD29A7}"
EndProject
Project("{FAE04EC0-301F-11D3-BF4B-00C04F79EFBC}") = "Prueba2020.Web", "..\Prueba2020.Web\Prueba2020.Web.csproj", "{58BFD14D-8DD9-460E-84E4-E0D48DAC107A}"
EndProject
Global
	GlobalSection(SolutionConfigurationPlatforms) = preSolution
		Debug|Any CPU = Debug|Any CPU
		Release|Any CPU = Release|Any CPU
	EndGlobalSection
	GlobalSection(ProjectConfigurationPlatforms) = postSolution
		{876ACAD5-7EC6-4E68-A891-F7ED9A336437}.Debug|Any CPU.ActiveCfg = Debug|Any CPU
		{876ACAD5-7EC6-4E68-A891-F7ED9A336437}.Debug|Any CPU.Build.0 = Debug|Any CPU
		{876ACAD5-7EC6-4E68-A891-F7ED9A336437}.Release|Any CPU.ActiveCfg = Release|Any CPU
		{876ACAD5-7EC6-4E68-A891-F7ED9A336437}.Release|Any CPU.Build.0 = Release|Any CPU
		{D7D0277E-E644-42C7-B916-F5A255CD29A7}.Debug|Any CPU.ActiveCfg = Debug|Any CPU
		{D7D0277E-E644-42C7-B916-F5A255CD29A7}.Debug|Any CPU.Build.0 = Debug|Any CPU
		{D7D0277E-E644-42C7-B916-F5A255CD29A7}.Release|Any CPU.ActiveCfg = Release|Any CPU
		{D7D0277E-E644-42C7-B916-F5A255CD29A7}.Release|Any CPU.Build.0 = Release|Any CPU
		{58BFD14D-8DD9-460E-84E4-E0D48DAC107A}.Debug|Any CPU.ActiveCfg = Debug|Any CPU
		{58BFD14D-8DD9-460E-84E4-E0D48DAC107A}.Debug|Any CPU.Build.0 = Debug|Any CPU
		{58BFD14D-8DD9-460E-84E4-E0D48DAC107A}.Release|Any CPU.ActiveCfg = Release|Any CPU
		{58BFD14D-8DD9-460E-84E4-E0D48DAC107A}.Release|Any CPU.Build.0 = Release|Any CPU
	EndGlobalSection
	GlobalSection(SolutionProperties) = preSolution
		HideSolutionNode = FALSE
	EndGlobalSection
	GlobalSection(ExtensibilityGlobals) = postSolution
		SolutionGuid = {39FE279E-35F0-45F1-A158-BAB447509884}
	EndGlobalSection
EndGlobal
